
Microsoft Visual Studio Solution File, Format Version 12.00
# Visual Studio Version 16
VisualStudioVersion = 16.0.31729.503
MinimumVisualStudioVersion = 10.0.40219.1
Project("{FAE04EC0-301F-11D3-BF4B-00C04F79EFBC}") = "EduTrack", "EduTrack\EduTrack.csproj", "{CFC22BDE-525B-468A-BE4B-93C9672EB07D}"
EndProject
Global
	GlobalSection(SolutionConfigurationPlatforms) = preSolution
		Debug|Any CPU = Debug|Any CPU
		Release|Any CPU = Release|Any CPU
	EndGlobalSection
	GlobalSection(ProjectConfigurationPlatforms) = postSolution
		{CFC22BDE-525B-468A-BE4B-93C9672EB07D}.Debug|Any CPU.ActiveCfg = Debug|Any CPU
		{CFC22BDE-525B-468A-BE4B-93C9672EB07D}.Debug|Any CPU.Build.0 = Debug|Any CPU
		{CFC22BDE-525B-468A-BE4B-93C9672EB07D}.Release|Any CPU.ActiveCfg = Release|Any CPU
		{CFC22BDE-525B-468A-BE4B-93C9672EB07D}.Release|Any CPU.Build.0 = Release|Any CPU
	EndGlobalSection
	GlobalSection(SolutionProperties) = preSolution
		HideSolutionNode = FALSE
	EndGlobalSection
	GlobalSection(ExtensibilityGlobals) = postSolution
		SolutionGuid = {E425A7AD-28F5-43DF-98ED-FB407CDAFACA}
	EndGlobalSection
EndGlobal
